
Microsoft Visual Studio Solution File, Format Version 12.00
# Visual Studio Version 16
VisualStudioVersion = 16.0.31402.337
MinimumVisualStudioVersion = 10.0.40219.1
Project("{9A19103F-16F7-4668-BE54-9A1E7A4F7556}") = "PaymentDB", "PaymentDB\PaymentDB.csproj", "{C593E9D9-0358-47FB-A6CF-93B8104F995A}"
EndProject
Project("{FAE04EC0-301F-11D3-BF4B-00C04F79EFBC}") = "PaymentApp", "PaymentApp\PaymentApp.csproj", "{0D00B812-20A8-4ECF-92A1-C59DCA403B85}"
EndProject
Global
	GlobalSection(SolutionConfigurationPlatforms) = preSolution
		Debug|Any CPU = Debug|Any CPU
		Release|Any CPU = Release|Any CPU
	EndGlobalSection
	GlobalSection(ProjectConfigurationPlatforms) = postSolution
		{C593E9D9-0358-47FB-A6CF-93B8104F995A}.Debug|Any CPU.ActiveCfg = Debug|Any CPU
		{C593E9D9-0358-47FB-A6CF-93B8104F995A}.Debug|Any CPU.Build.0 = Debug|Any CPU
		{C593E9D9-0358-47FB-A6CF-93B8104F995A}.Release|Any CPU.ActiveCfg = Release|Any CPU
		{C593E9D9-0358-47FB-A6CF-93B8104F995A}.Release|Any CPU.Build.0 = Release|Any CPU
		{0D00B812-20A8-4ECF-92A1-C59DCA403B85}.Debug|Any CPU.ActiveCfg = Debug|Any CPU
		{0D00B812-20A8-4ECF-92A1-C59DCA403B85}.Debug|Any CPU.Build.0 = Debug|Any CPU
		{0D00B812-20A8-4ECF-92A1-C59DCA403B85}.Release|Any CPU.ActiveCfg = Release|Any CPU
		{0D00B812-20A8-4ECF-92A1-C59DCA403B85}.Release|Any CPU.Build.0 = Release|Any CPU
	EndGlobalSection
	GlobalSection(SolutionProperties) = preSolution
		HideSolutionNode = FALSE
	EndGlobalSection
	GlobalSection(ExtensibilityGlobals) = postSolution
		SolutionGuid = {8B2100EF-01C4-4243-99F0-1401BE0CD40D}
	EndGlobalSection
EndGlobal
